
Microsoft Visual Studio Solution File, Format Version 12.00
# Visual Studio Version 16
VisualStudioVersion = 16.0.31729.503
MinimumVisualStudioVersion = 10.0.40219.1
Project("{FAE04EC0-301F-11D3-BF4B-00C04F79EFBC}") = "CMSProject", "CMSProject\CMSProject.csproj", "{1EA137AF-21B0-4BA8-B10F-5384FC56E417}"
EndProject
Project("{FAE04EC0-301F-11D3-BF4B-00C04F79EFBC}") = "DataLayer", "DataLayer\DataLayer.csproj", "{D3764E4C-89C3-4B6C-AD89-5F1A99D06B7E}"
EndProject
Global
	GlobalSection(SolutionConfigurationPlatforms) = preSolution
		Debug|Any CPU = Debug|Any CPU
		Release|Any CPU = Release|Any CPU
	EndGlobalSection
	GlobalSection(ProjectConfigurationPlatforms) = postSolution
		{1EA137AF-21B0-4BA8-B10F-5384FC56E417}.Debug|Any CPU.ActiveCfg = Debug|Any CPU
		{1EA137AF-21B0-4BA8-B10F-5384FC56E417}.Debug|Any CPU.Build.0 = Debug|Any CPU
		{1EA137AF-21B0-4BA8-B10F-5384FC56E417}.Release|Any CPU.ActiveCfg = Release|Any CPU
		{1EA137AF-21B0-4BA8-B10F-5384FC56E417}.Release|Any CPU.Build.0 = Release|Any CPU
		{D3764E4C-89C3-4B6C-AD89-5F1A99D06B7E}.Debug|Any CPU.ActiveCfg = Debug|Any CPU
		{D3764E4C-89C3-4B6C-AD89-5F1A99D06B7E}.Debug|Any CPU.Build.0 = Debug|Any CPU
		{D3764E4C-89C3-4B6C-AD89-5F1A99D06B7E}.Release|Any CPU.ActiveCfg = Release|Any CPU
		{D3764E4C-89C3-4B6C-AD89-5F1A99D06B7E}.Release|Any CPU.Build.0 = Release|Any CPU
	EndGlobalSection
	GlobalSection(SolutionProperties) = preSolution
		HideSolutionNode = FALSE
	EndGlobalSection
	GlobalSection(ExtensibilityGlobals) = postSolution
		SolutionGuid = {D0FE48D6-A1D5-4D2D-8021-89DEB444F271}
	EndGlobalSection
EndGlobal
